
Microsoft Visual Studio Solution File, Format Version 12.00
# Visual Studio Version 17
VisualStudioVersion = 17.4.33122.133
MinimumVisualStudioVersion = 10.0.40219.1
Project("{FAE04EC0-301F-11D3-BF4B-00C04F79EFBC}") = "Shabir Program", "Shabir Program\Shabir Program.csproj", "{B49AB7A4-92D1-4907-BB52-2C6468EAA72A}"
EndProject
Global
	GlobalSection(SolutionConfigurationPlatforms) = preSolution
		Debug|Any CPU = Debug|Any CPU
		Release|Any CPU = Release|Any CPU
	EndGlobalSection
	GlobalSection(ProjectConfigurationPlatforms) = postSolution
		{B49AB7A4-92D1-4907-BB52-2C6468EAA72A}.Debug|Any CPU.ActiveCfg = Debug|Any CPU
		{B49AB7A4-92D1-4907-BB52-2C6468EAA72A}.Debug|Any CPU.Build.0 = Debug|Any CPU
		{B49AB7A4-92D1-4907-BB52-2C6468EAA72A}.Release|Any CPU.ActiveCfg = Release|Any CPU
		{B49AB7A4-92D1-4907-BB52-2C6468EAA72A}.Release|Any CPU.Build.0 = Release|Any CPU
	EndGlobalSection
	GlobalSection(SolutionProperties) = preSolution
		HideSolutionNode = FALSE
	EndGlobalSection
	GlobalSection(ExtensibilityGlobals) = postSolution
		SolutionGuid = {6A9F139E-970D-4D9F-9061-C6FF7CDD316B}
	EndGlobalSection
EndGlobal
